PODS:
  - Alamofire (5.6.2)
  - Cosmos (23.0.0)

DEPENDENCIES:
  - Alamofire
  - Cosmos (~> 23.0)

SPEC REPOS:
  trunk:
    - Alamofire
    - Cosmos

SPEC CHECKSUMS:
  Alamofire: d368e1ff8a298e6dde360e35a3e68e6c610e7204
  Cosmos: b5c6a9a637e28a061b54c8f8b1d8529d7d4db73f

PODFILE CHECKSUM: 0959938e70c99ea5e24714f7c475f23cbc29761a

COCOAPODS: 1.11.3
