// !$*UTF8*$!
{
	archiveVersion = 1;
	classes = {
	};
	objectVersion = 55;
	objects = {

/* Begin PBXBuildFile section */
		68169244282A85450066946A /* MyProfileAPI.swift in Sources */ = {isa = PBXBuildFile; fileRef = 68169243282A85450066946A /* MyProfileAPI.swift */; };
		68169247282B8B530066946A /* RedirectView.swift in Sources */ = {isa = PBXBuildFile; fileRef = 68169246282B8B530066946A /* RedirectView.swift */; };
		68169249282B906C0066946A /* MyBooksMoreView.storyboard in Resources */ = {isa = PBXBuildFile; fileRef = 68169248282B906C0066946A /* MyBooksMoreView.storyboard */; };
		6816924C282B91B80066946A /* MyPostsMoreView.storyboard in Resources */ = {isa = PBXBuildFile; fileRef = 6816924B282B91B80066946A /* MyPostsMoreView.storyboard */; };
		6816924E282B925A0066946A /* MyReviewsMoreView.storyboard in Resources */ = {isa = PBXBuildFile; fileRef = 6816924D282B925A0066946A /* MyReviewsMoreView.storyboard */; };
		683674BE282215B500CB618D /* MyTagsCollectionViewCell.swift in Sources */ = {isa = PBXBuildFile; fileRef = 683674BD282215B500CB618D /* MyTagsCollectionViewCell.swift */; };
		683674C0282215C200CB618D /* MyBooksCollectionViewCell.swift in Sources */ = {isa = PBXBuildFile; fileRef = 683674BF282215C200CB618D /* MyBooksCollectionViewCell.swift */; };
		683674C2282215D500CB618D /* MyReviewsCollectionViewCell.swift in Sources */ = {isa = PBXBuildFile; fileRef = 683674C1282215D500CB618D /* MyReviewsCollectionViewCell.swift */; };
		683674C4282215DE00CB618D /* MyPostCollectionViewCell.swift in Sources */ = {isa = PBXBuildFile; fileRef = 683674C3282215DE00CB618D /* MyPostCollectionViewCell.swift */; };
		6852E56B27F2EE1300CAEF02 /* Login.storyboard in Resources */ = {isa = PBXBuildFile; fileRef = 6852E56A27F2EE1300CAEF02 /* Login.storyboard */; };
		6852E56E27F2EE8900CAEF02 /* LoginVC.swift in Sources */ = {isa = PBXBuildFile; fileRef = 6852E56D27F2EE8900CAEF02 /* LoginVC.swift */; };
		6852E57027F3079700CAEF02 /* SignupVC.swift in Sources */ = {isa = PBXBuildFile; fileRef = 6852E56F27F3079700CAEF02 /* SignupVC.swift */; };
		6852E57427F307BB00CAEF02 /* SocialSignupVC.swift in Sources */ = {isa = PBXBuildFile; fileRef = 6852E57327F307BB00CAEF02 /* SocialSignupVC.swift */; };
		6852E57727F35EC600CAEF02 /* FindPasswordVC.swift in Sources */ = {isa = PBXBuildFile; fileRef = 6852E57627F35EC600CAEF02 /* FindPasswordVC.swift */; };
		6852E57927F372CC00CAEF02 /* NewPasswordVC.swift in Sources */ = {isa = PBXBuildFile; fileRef = 6852E57827F372CC00CAEF02 /* NewPasswordVC.swift */; };
		6860BE2828336E2D00C7399E /* SettingsView.storyboard in Resources */ = {isa = PBXBuildFile; fileRef = 6860BE2728336E2C00C7399E /* SettingsView.storyboard */; };
		6860BE2A28336E5100C7399E /* SettingsViewController.swift in Sources */ = {isa = PBXBuildFile; fileRef = 6860BE2928336E5100C7399E /* SettingsViewController.swift */; };
		68683D3D27DDF5EE008EF3CF /* AppDelegate.swift in Sources */ = {isa = PBXBuildFile; fileRef = 68683D3C27DDF5EE008EF3CF /* AppDelegate.swift */; };
		68683D3F27DDF5EE008EF3CF /* SceneDelegate.swift in Sources */ = {isa = PBXBuildFile; fileRef = 68683D3E27DDF5EE008EF3CF /* SceneDelegate.swift */; };
		68683D4427DDF5EE008EF3CF /* Main.storyboard in Resources */ = {isa = PBXBuildFile; fileRef = 68683D4227DDF5EE008EF3CF /* Main.storyboard */; };
		68683D4627DDF5EF008EF3CF /* Assets.xcassets in Resources */ = {isa = PBXBuildFile; fileRef = 68683D4527DDF5EF008EF3CF /* Assets.xcassets */; };
		68683D4927DDF5EF008EF3CF /* LaunchScreen.storyboard in Resources */ = {isa = PBXBuildFile; fileRef = 68683D4727DDF5EF008EF3CF /* LaunchScreen.storyboard */; };
		68683D5427DDF5EF008EF3CF /* BookkyProject_iOSTests.swift in Sources */ = {isa = PBXBuildFile; fileRef = 68683D5327DDF5EF008EF3CF /* BookkyProject_iOSTests.swift */; };
		68683D5E27DDF5EF008EF3CF /* BookkyProject_iOSUITests.swift in Sources */ = {isa = PBXBuildFile; fileRef = 68683D5D27DDF5EF008EF3CF /* BookkyProject_iOSUITests.swift */; };
		68683D6027DDF5EF008EF3CF /* BookkyProject_iOSUITestsLaunchTests.swift in Sources */ = {isa = PBXBuildFile; fileRef = 68683D5F27DDF5EF008EF3CF /* BookkyProject_iOSUITestsLaunchTests.swift */; };
		68683D7027DE408C008EF3CF /* CommunityViewController.swift in Sources */ = {isa = PBXBuildFile; fileRef = 68683D6F27DE408C008EF3CF /* CommunityViewController.swift */; };
		68683D7227DE40DB008EF3CF /* RecommendViewController.swift in Sources */ = {isa = PBXBuildFile; fileRef = 68683D7127DE40DB008EF3CF /* RecommendViewController.swift */; };
		68683D7427DE40E8008EF3CF /* SearchViewController.swift in Sources */ = {isa = PBXBuildFile; fileRef = 68683D7327DE40E8008EF3CF /* SearchViewController.swift */; };
		68683D7627DE40F4008EF3CF /* MyProfileViewController.swift in Sources */ = {isa = PBXBuildFile; fileRef = 68683D7527DE40F4008EF3CF /* MyProfileViewController.swift */; };
		686AE6BB27FC01DC00B77245 /* EmailAuthenticate.swift in Sources */ = {isa = PBXBuildFile; fileRef = 686AE6BA27FC01DC00B77245 /* EmailAuthenticate.swift */; };
		686AE6C227FC1F9200B77245 /* EmailAuthModel.swift in Sources */ = {isa = PBXBuildFile; fileRef = 686AE6C127FC1F9200B77245 /* EmailAuthModel.swift */; };
		686AE6C427FC6D3700B77245 /* Account.swift in Sources */ = {isa = PBXBuildFile; fileRef = 686AE6C327FC6D3700B77245 /* Account.swift */; };
		686B21302805498000384408 /* KeychainManager.swift in Sources */ = {isa = PBXBuildFile; fileRef = 686B212F2805498000384408 /* KeychainManager.swift */; };
		688DEDA9282C0452002F647A /* InitialResearch.storyboard in Resources */ = {isa = PBXBuildFile; fileRef = 688DEDA8282C0452002F647A /* InitialResearch.storyboard */; };
		688DEDAC282C0580002F647A /* ResearchViewController.swift in Sources */ = {isa = PBXBuildFile; fileRef = 688DEDAB282C0580002F647A /* ResearchViewController.swift */; };
		688DEDAE282C05AC002F647A /* TagsCollectionViewCell.swift in Sources */ = {isa = PBXBuildFile; fileRef = 688DEDAD282C05AC002F647A /* TagsCollectionViewCell.swift */; };
		688DEDB0282CA3D5002F647A /* InitialResearchViewController.swift in Sources */ = {isa = PBXBuildFile; fileRef = 688DEDAF282CA3D5002F647A /* InitialResearchViewController.swift */; };
		688DEDB3282D3349002F647A /* MyBooksMoreViewController.swift in Sources */ = {isa = PBXBuildFile; fileRef = 688DEDB2282D3349002F647A /* MyBooksMoreViewController.swift */; };
		688DEDB5282D335F002F647A /* MyPostsMoreViewController.swift in Sources */ = {isa = PBXBuildFile; fileRef = 688DEDB4282D335F002F647A /* MyPostsMoreViewController.swift */; };
		688DEDB7282D336A002F647A /* MyReviewsMoreViewController.swift in Sources */ = {isa = PBXBuildFile; fileRef = 688DEDB6282D336A002F647A /* MyReviewsMoreViewController.swift */; };
		688DEDBD282E38F5002F647A /* MyBooksMoreCollectionViewCell.swift in Sources */ = {isa = PBXBuildFile; fileRef = 688DEDBC282E38F5002F647A /* MyBooksMoreCollectionViewCell.swift */; };
		688DEDC3282E8A12002F647A /* MyReviewsMoreCollectionViewCell.xib in Resources */ = {isa = PBXBuildFile; fileRef = 688DEDC2282E8A12002F647A /* MyReviewsMoreCollectionViewCell.xib */; };
		688DEDC5282E8A2A002F647A /* MyReviewsMoreCollectionViewCell.swift in Sources */ = {isa = PBXBuildFile; fileRef = 688DEDC4282E8A2A002F647A /* MyReviewsMoreCollectionViewCell.swift */; };
		688DEDC7282E9C60002F647A /* MyProfileUpdateView.storyboard in Resources */ = {isa = PBXBuildFile; fileRef = 688DEDC6282E9C60002F647A /* MyProfileUpdateView.storyboard */; };
		688DEDC9282E9C95002F647A /* MyProfileUpdateViewController.swift in Sources */ = {isa = PBXBuildFile; fileRef = 688DEDC8282E9C95002F647A /* MyProfileUpdateViewController.swift */; };
		68B21B052829269C00707C5A /* MyPostsCollectionViewCell.xib in Resources */ = {isa = PBXBuildFile; fileRef = 68B21B042829269C00707C5A /* MyPostsCollectionViewCell.xib */; };
		68B21B07282939C800707C5A /* MyReviewsCollectionViewCell.xib in Resources */ = {isa = PBXBuildFile; fileRef = 68B21B06282939C800707C5A /* MyReviewsCollectionViewCell.xib */; };
		68B21B09282A2D4C00707C5A /* MyProfileModel.swift in Sources */ = {isa = PBXBuildFile; fileRef = 68B21B08282A2D4C00707C5A /* MyProfileModel.swift */; };
		68C8629427DF61D3004B4F73 /* Home.storyboard in Resources */ = {isa = PBXBuildFile; fileRef = 68C8629327DF61D3004B4F73 /* Home.storyboard */; };
		68C8629627DF6481004B4F73 /* Community.storyboard in Resources */ = {isa = PBXBuildFile; fileRef = 68C8629527DF6481004B4F73 /* Community.storyboard */; };
		68C8629827DF650E004B4F73 /* Recommend.storyboard in Resources */ = {isa = PBXBuildFile; fileRef = 68C8629727DF650E004B4F73 /* Recommend.storyboard */; };
		68C8629A27DF659F004B4F73 /* Search.storyboard in Resources */ = {isa = PBXBuildFile; fileRef = 68C8629927DF659F004B4F73 /* Search.storyboard */; };
		68C8629C27DF6605004B4F73 /* MyProfile.storyboard in Resources */ = {isa = PBXBuildFile; fileRef = 68C8629B27DF6605004B4F73 /* MyProfile.storyboard */; };
		68FBE65427FCA245003DBFB7 /* BookkyURL.swift in Sources */ = {isa = PBXBuildFile; fileRef = 68FBE65327FCA245003DBFB7 /* BookkyURL.swift */; };
		68FBE65727FD50E8003DBFB7 /* SignupModel.swift in Sources */ = {isa = PBXBuildFile; fileRef = 68FBE65627FD50E8003DBFB7 /* SignupModel.swift */; };
		68FBE65927FDB1EF003DBFB7 /* UITextField.swift in Sources */ = {isa = PBXBuildFile; fileRef = 68FBE65827FDB1EF003DBFB7 /* UITextField.swift */; };
		68FBE65D27FEE38A003DBFB7 /* UserDefaultsModel.swift in Sources */ = {isa = PBXBuildFile; fileRef = 68FBE65C27FEE38A003DBFB7 /* UserDefaultsModel.swift */; };
		F80756DC2806F7C4009F88EA /* BookDetailTagCollectionViewCell.swift in Sources */ = {isa = PBXBuildFile; fileRef = F80756DB2806F7C4009F88EA /* BookDetailTagCollectionViewCell.swift */; };
		F826057A282E52E1006DB702 /* SearchPostTableViewCell.xib in Resources */ = {isa = PBXBuildFile; fileRef = F8260578282E52E1006DB702 /* SearchPostTableViewCell.xib */; };
		F826057E282E5B94006DB702 /* WritePostBookSearchViewController.swift in Sources */ = {isa = PBXBuildFile; fileRef = F826057D282E5B94006DB702 /* WritePostBookSearchViewController.swift */; };
		F8260580282E6290006DB702 /* WritePostBookSearchTableViewCell.swift in Sources */ = {isa = PBXBuildFile; fileRef = F826057F282E6290006DB702 /* WritePostBookSearchTableViewCell.swift */; };
		F8260583282E691C006DB702 /* QnABoardTableViewCell.swift in Sources */ = {isa = PBXBuildFile; fileRef = F8260581282E691C006DB702 /* QnABoardTableViewCell.swift */; };
		F8260584282E691C006DB702 /* QnABoardTableViewCell.xib in Resources */ = {isa = PBXBuildFile; fileRef = F8260582282E691C006DB702 /* QnABoardTableViewCell.xib */; };
		F8260587282E840F006DB702 /* BookWriteReviewViewController.swift in Sources */ = {isa = PBXBuildFile; fileRef = F8260586282E840F006DB702 /* BookWriteReviewViewController.swift */; };
		F85406CF2800284A0027C096 /* testData.swift in Sources */ = {isa = PBXBuildFile; fileRef = F85406CE2800284A0027C096 /* testData.swift */; };
		F8606C23282ED5E100E49535 /* BoardTextCommentTableViewCell.swift in Sources */ = {isa = PBXBuildFile; fileRef = F8606C21282ED5E100E49535 /* BoardTextCommentTableViewCell.swift */; };
		F8606C24282ED5E100E49535 /* BoardTextCommentTableViewCell.xib in Resources */ = {isa = PBXBuildFile; fileRef = F8606C22282ED5E100E49535 /* BoardTextCommentTableViewCell.xib */; };
		F8731D7F282A860000FB64ED /* HomeBookDetailReviewDataFormat.swift in Sources */ = {isa = PBXBuildFile; fileRef = F8731D7E282A860000FB64ED /* HomeBookDetailReviewDataFormat.swift */; };
		F8731D81282AAC4C00FB64ED /* BoardTextDetailViewController.swift in Sources */ = {isa = PBXBuildFile; fileRef = F8731D80282AAC4C00FB64ED /* BoardTextDetailViewController.swift */; };
		F874319A28030012003EA8C0 /* ExtensionUikit.swift in Sources */ = {isa = PBXBuildFile; fileRef = F874319928030012003EA8C0 /* ExtensionUikit.swift */; };
		F877020F2800893A002EA1F5 /* BookTableViewCell.swift in Sources */ = {isa = PBXBuildFile; fileRef = F877020D2800893A002EA1F5 /* BookTableViewCell.swift */; };
		F87702102800893A002EA1F5 /* BookTableViewCell.xib in Resources */ = {isa = PBXBuildFile; fileRef = F877020E2800893A002EA1F5 /* BookTableViewCell.xib */; };
		F877021328008C72002EA1F5 /* BookCollectionViewCell.swift in Sources */ = {isa = PBXBuildFile; fileRef = F877021128008C72002EA1F5 /* BookCollectionViewCell.swift */; };
		F877021428008C72002EA1F5 /* BookCollectionViewCell.xib in Resources */ = {isa = PBXBuildFile; fileRef = F877021228008C72002EA1F5 /* BookCollectionViewCell.xib */; };
		F87B810928016BEF00E2FB7A /* HomeDataForMat.swift in Sources */ = {isa = PBXBuildFile; fileRef = F87B810828016BEF00E2FB7A /* HomeDataForMat.swift */; };
		F87B810C28016C3D00E2FB7A /* HomeDataSerVice.swift in Sources */ = {isa = PBXBuildFile; fileRef = F87B810B28016C3D00E2FB7A /* HomeDataSerVice.swift */; };
		F88808DE281D6BDA007CE79C /* TagViewController.swift in Sources */ = {isa = PBXBuildFile; fileRef = F88808DD281D6BDA007CE79C /* TagViewController.swift */; };
		F8886F2A2821309300044737 /* CommunityDataSerVice.swift in Sources */ = {isa = PBXBuildFile; fileRef = F8886F292821309300044737 /* CommunityDataSerVice.swift */; };
		F8886F2C2821328800044737 /* WritePostDataFormat.swift in Sources */ = {isa = PBXBuildFile; fileRef = F8886F2B2821328800044737 /* WritePostDataFormat.swift */; };
		F8886F2E28214BB500044737 /* WriteGetListDataFomat.swift in Sources */ = {isa = PBXBuildFile; fileRef = F8886F2D28214BB500044737 /* WriteGetListDataFomat.swift */; };
		F88D683E282D254400E23344 /* TagMoreViewBookList.swift in Sources */ = {isa = PBXBuildFile; fileRef = F88D683D282D254400E23344 /* TagMoreViewBookList.swift */; };
		F88D6842282D68E600E23344 /* SearchPostViewController.swift in Sources */ = {isa = PBXBuildFile; fileRef = F88D6841282D68E600E23344 /* SearchPostViewController.swift */; };
		F88EF53427FD86A400634696 /* BoardTableViewCell.swift in Sources */ = {isa = PBXBuildFile; fileRef = F88EF53327FD86A400634696 /* BoardTableViewCell.swift */; };
		F8B0D3FC281EB834007E271F /* TagViewCollectionViewCell.swift in Sources */ = {isa = PBXBuildFile; fileRef = F8B0D3FB281EB834007E271F /* TagViewCollectionViewCell.swift */; };
		F8B0D3FE281ECC5F007E271F /* TagCollectionReusableViewHeader.swift in Sources */ = {isa = PBXBuildFile; fileRef = F8B0D3FD281ECC5F007E271F /* TagCollectionReusableViewHeader.swift */; };
		F8B3126828327C2000E01201 /* QnABoardTextDetailViewController.swift in Sources */ = {isa = PBXBuildFile; fileRef = F8B3126728327C2000E01201 /* QnABoardTextDetailViewController.swift */; };
		F8B3126B28328B8E00E01201 /* QnaAnswerTableViewCell.swift in Sources */ = {isa = PBXBuildFile; fileRef = F8B3126928328B8E00E01201 /* QnaAnswerTableViewCell.swift */; };
		F8B3126C28328B8E00E01201 /* QnaAnswerTableViewCell.xib in Resources */ = {isa = PBXBuildFile; fileRef = F8B3126A28328B8E00E01201 /* QnaAnswerTableViewCell.xib */; };
		F8B5BC79283D01A500A70190 /* ExtensionStatusBar.swift in Sources */ = {isa = PBXBuildFile; fileRef = F8B5BC78283D01A500A70190 /* ExtensionStatusBar.swift */; };
		F8C10A882832B89600D311F6 /* SearchPostTableViewCell.swift in Sources */ = {isa = PBXBuildFile; fileRef = F88D6843282D6E0500E23344 /* SearchPostTableViewCell.swift */; };
		F8C10A8E2832C04F00D311F6 /* QnAWriteAnswerViewController.swift in Sources */ = {isa = PBXBuildFile; fileRef = F8C10A8D2832C04F00D311F6 /* QnAWriteAnswerViewController.swift */; };
		F8C10A902832C05D00D311F6 /* QnACommentViewController.swift in Sources */ = {isa = PBXBuildFile; fileRef = F8C10A8F2832C05D00D311F6 /* QnACommentViewController.swift */; };
		F8C10A922832C0C400D311F6 /* QnACommunity.storyboard in Resources */ = {isa = PBXBuildFile; fileRef = F8C10A912832C0C400D311F6 /* QnACommunity.storyboard */; };
		F8C11E83281FE45E000D1689 /* ButtonPadding.swift in Sources */ = {isa = PBXBuildFile; fileRef = F8C11E82281FE45E000D1689 /* ButtonPadding.swift */; };
		F8C84C95280471CF00B5E7DA /* HomeViewController.swift in Sources */ = {isa = PBXBuildFile; fileRef = 68683D4027DDF5EE008EF3CF /* HomeViewController.swift */; };
		F8E386A7282BE6AA006F9BDD /* TagMoreButtonViewController.swift in Sources */ = {isa = PBXBuildFile; fileRef = F8E386A6282BE6AA006F9BDD /* TagMoreButtonViewController.swift */; };
		F8E68A352828C4450046760A /* WriteTextDetailDataFormat.swift in Sources */ = {isa = PBXBuildFile; fileRef = F8E68A342828C4450046760A /* WriteTextDetailDataFormat.swift */; };
		F8E68A7D282960320046760A /* BookDetailReviewTableViewCell.swift in Sources */ = {isa = PBXBuildFile; fileRef = F8E68A7C282960320046760A /* BookDetailReviewTableViewCell.swift */; };
		F8F6623C280588A5000135B8 /* BookDetailViewController.swift in Sources */ = {isa = PBXBuildFile; fileRef = F8F6623B280588A5000135B8 /* BookDetailViewController.swift */; };
		F8FE3FFC281FCA200014E060 /* WriteTextViewController.swift in Sources */ = {isa = PBXBuildFile; fileRef = F8FE3FFB281FCA200014E060 /* WriteTextViewController.swift */; };
		F8FFC1F9281EA639005B18B2 /* TagDataFormat.swift in Sources */ = {isa = PBXBuildFile; fileRef = F8FFC1F8281EA639005B18B2 /* TagDataFormat.swift */; };
/* End PBXBuildFile section */

/* Begin PBXContainerItemProxy section */
		68683D5027DDF5EF008EF3CF /* PBXContainerItemProxy */ = {
			isa = PBXContainerItemProxy;
			containerPortal = 68683D3127DDF5EE008EF3CF /* Project object */;
			proxyType = 1;
			remoteGlobalIDString = 68683D3827DDF5EE008EF3CF;
			remoteInfo = "BookkyProject-iOS";
		};
		68683D5A27DDF5EF008EF3CF /* PBXContainerItemProxy */ = {
			isa = PBXContainerItemProxy;
			containerPortal = 68683D3127DDF5EE008EF3CF /* Project object */;
			proxyType = 1;
			remoteGlobalIDString = 68683D3827DDF5EE008EF3CF;
			remoteInfo = "BookkyProject-iOS";
		};
/* End PBXContainerItemProxy section */

/* Begin PBXFileReference section */
		68169243282A85450066946A /* MyProfileAPI.swift */ = {isa = PBXFileReference; lastKnownFileType = sourcecode.swift; name = MyProfileAPI.swift; path = "BookkyProject-iOS/SerVice/MyProfileAPI.swift"; sourceTree = SOURCE_ROOT; };
		68169246282B8B530066946A /* RedirectView.swift */ = {isa = PBXFileReference; lastKnownFileType = sourcecode.swift; name = RedirectView.swift; path = "BookkyProject-iOS/SerVice/RedirectView.swift"; sourceTree = SOURCE_ROOT; };
		68169248282B906C0066946A /* MyBooksMoreView.storyboard */ = {isa = PBXFileReference; lastKnownFileType = file.storyboard; path = MyBooksMoreView.storyboard; sourceTree = "<group>"; };
		6816924B282B91B80066946A /* MyPostsMoreView.storyboard */ = {isa = PBXFileReference; lastKnownFileType = file.storyboard; path = MyPostsMoreView.storyboard; sourceTree = "<group>"; };
		6816924D282B925A0066946A /* MyReviewsMoreView.storyboard */ = {isa = PBXFileReference; lastKnownFileType = file.storyboard; path = MyReviewsMoreView.storyboard; sourceTree = "<group>"; };
		683674BD282215B500CB618D /* MyTagsCollectionViewCell.swift */ = {isa = PBXFileReference; lastKnownFileType = sourcecode.swift; path = MyTagsCollectionViewCell.swift; sourceTree = "<group>"; };
		683674BF282215C200CB618D /* MyBooksCollectionViewCell.swift */ = {isa = PBXFileReference; lastKnownFileType = sourcecode.swift; path = MyBooksCollectionViewCell.swift; sourceTree = "<group>"; };
		683674C1282215D500CB618D /* MyReviewsCollectionViewCell.swift */ = {isa = PBXFileReference; lastKnownFileType = sourcecode.swift; path = MyReviewsCollectionViewCell.swift; sourceTree = "<group>"; };
		683674C3282215DE00CB618D /* MyPostCollectionViewCell.swift */ = {isa = PBXFileReference; lastKnownFileType = sourcecode.swift; path = MyPostCollectionViewCell.swift; sourceTree = "<group>"; };
		6852E56A27F2EE1300CAEF02 /* Login.storyboard */ = {isa = PBXFileReference; lastKnownFileType = file.storyboard; path = Login.storyboard; sourceTree = "<group>"; };
		6852E56D27F2EE8900CAEF02 /* LoginVC.swift */ = {isa = PBXFileReference; lastKnownFileType = sourcecode.swift; path = LoginVC.swift; sourceTree = "<group>"; };
		6852E56F27F3079700CAEF02 /* SignupVC.swift */ = {isa = PBXFileReference; lastKnownFileType = sourcecode.swift; path = SignupVC.swift; sourceTree = "<group>"; };
		6852E57327F307BB00CAEF02 /* SocialSignupVC.swift */ = {isa = PBXFileReference; lastKnownFileType = sourcecode.swift; path = SocialSignupVC.swift; sourceTree = "<group>"; };
		6852E57627F35EC600CAEF02 /* FindPasswordVC.swift */ = {isa = PBXFileReference; lastKnownFileType = sourcecode.swift; path = FindPasswordVC.swift; sourceTree = "<group>"; };
		6852E57827F372CC00CAEF02 /* NewPasswordVC.swift */ = {isa = PBXFileReference; lastKnownFileType = sourcecode.swift; path = NewPasswordVC.swift; sourceTree = "<group>"; };
		6860BE2728336E2C00C7399E /* SettingsView.storyboard */ = {isa = PBXFileReference; lastKnownFileType = file.storyboard; path = SettingsView.storyboard; sourceTree = "<group>"; };
		6860BE2928336E5100C7399E /* SettingsViewController.swift */ = {isa = PBXFileReference; lastKnownFileType = sourcecode.swift; path = SettingsViewController.swift; sourceTree = "<group>"; };
		68683D3927DDF5EE008EF3CF /* BookkyProject-iOS.app */ = {isa = PBXFileReference; explicitFileType = wrapper.application; includeInIndex = 0; path = "BookkyProject-iOS.app"; sourceTree = BUILT_PRODUCTS_DIR; };
		68683D3C27DDF5EE008EF3CF /* AppDelegate.swift */ = {isa = PBXFileReference; lastKnownFileType = sourcecode.swift; path = AppDelegate.swift; sourceTree = "<group>"; };
		68683D3E27DDF5EE008EF3CF /* SceneDelegate.swift */ = {isa = PBXFileReference; lastKnownFileType = sourcecode.swift; path = SceneDelegate.swift; sourceTree = "<group>"; };
		68683D4027DDF5EE008EF3CF /* HomeViewController.swift */ = {isa = PBXFileReference; lastKnownFileType = sourcecode.swift; path = HomeViewController.swift; sourceTree = "<group>"; };
		68683D4327DDF5EE008EF3CF /* Base */ = {isa = PBXFileReference; lastKnownFileType = file.storyboard; name = Base; path = Base.lproj/Main.storyboard; sourceTree = "<group>"; };
		68683D4527DDF5EF008EF3CF /* Assets.xcassets */ = {isa = PBXFileReference; lastKnownFileType = folder.assetcatalog; path = Assets.xcassets; sourceTree = "<group>"; };
		68683D4827DDF5EF008EF3CF /* Base */ = {isa = PBXFileReference; lastKnownFileType = file.storyboard; name = Base; path = Base.lproj/LaunchScreen.storyboard; sourceTree = "<group>"; };
		68683D4A27DDF5EF008EF3CF /* Info.plist */ = {isa = PBXFileReference; lastKnownFileType = text.plist.xml; path = Info.plist; sourceTree = "<group>"; };
		68683D4F27DDF5EF008EF3CF /* BookkyProject-iOSTests.xctest */ = {isa = PBXFileReference; explicitFileType = wrapper.cfbundle; includeInIndex = 0; path = "BookkyProject-iOSTests.xctest"; sourceTree = BUILT_PRODUCTS_DIR; };
		68683D5327DDF5EF008EF3CF /* BookkyProject_iOSTests.swift */ = {isa = PBXFileReference; lastKnownFileType = sourcecode.swift; path = BookkyProject_iOSTests.swift; sourceTree = "<group>"; };
		68683D5927DDF5EF008EF3CF /* BookkyProject-iOSUITests.xctest */ = {isa = PBXFileReference; explicitFileType = wrapper.cfbundle; includeInIndex = 0; path = "BookkyProject-iOSUITests.xctest"; sourceTree = BUILT_PRODUCTS_DIR; };
		68683D5D27DDF5EF008EF3CF /* BookkyProject_iOSUITests.swift */ = {isa = PBXFileReference; lastKnownFileType = sourcecode.swift; path = BookkyProject_iOSUITests.swift; sourceTree = "<group>"; };
		68683D5F27DDF5EF008EF3CF /* BookkyProject_iOSUITestsLaunchTests.swift */ = {isa = PBXFileReference; lastKnownFileType = sourcecode.swift; path = BookkyProject_iOSUITestsLaunchTests.swift; sourceTree = "<group>"; };
		68683D6F27DE408C008EF3CF /* CommunityViewController.swift */ = {isa = PBXFileReference; lastKnownFileType = sourcecode.swift; path = CommunityViewController.swift; sourceTree = "<group>"; };
		68683D7127DE40DB008EF3CF /* RecommendViewController.swift */ = {isa = PBXFileReference; lastKnownFileType = sourcecode.swift; path = RecommendViewController.swift; sourceTree = "<group>"; };
		68683D7327DE40E8008EF3CF /* SearchViewController.swift */ = {isa = PBXFileReference; lastKnownFileType = sourcecode.swift; path = SearchViewController.swift; sourceTree = "<group>"; };
		68683D7527DE40F4008EF3CF /* MyProfileViewController.swift */ = {isa = PBXFileReference; lastKnownFileType = sourcecode.swift; path = MyProfileViewController.swift; sourceTree = "<group>"; };
		686AE6BA27FC01DC00B77245 /* EmailAuthenticate.swift */ = {isa = PBXFileReference; lastKnownFileType = sourcecode.swift; path = EmailAuthenticate.swift; sourceTree = "<group>"; };
		686AE6C127FC1F9200B77245 /* EmailAuthModel.swift */ = {isa = PBXFileReference; lastKnownFileType = sourcecode.swift; path = EmailAuthModel.swift; sourceTree = "<group>"; };
		686AE6C327FC6D3700B77245 /* Account.swift */ = {isa = PBXFileReference; lastKnownFileType = sourcecode.swift; path = Account.swift; sourceTree = "<group>"; };
		686B212F2805498000384408 /* KeychainManager.swift */ = {isa = PBXFileReference; lastKnownFileType = sourcecode.swift; name = KeychainManager.swift; path = "BookkyProject-iOS/SerVice/KeychainManager.swift"; sourceTree = SOURCE_ROOT; };
		688DEDA8282C0452002F647A /* InitialResearch.storyboard */ = {isa = PBXFileReference; lastKnownFileType = file.storyboard; path = InitialResearch.storyboard; sourceTree = "<group>"; };
		688DEDAB282C0580002F647A /* ResearchViewController.swift */ = {isa = PBXFileReference; lastKnownFileType = sourcecode.swift; path = ResearchViewController.swift; sourceTree = "<group>"; };
		688DEDAD282C05AC002F647A /* TagsCollectionViewCell.swift */ = {isa = PBXFileReference; lastKnownFileType = sourcecode.swift; path = TagsCollectionViewCell.swift; sourceTree = "<group>"; };
		688DEDAF282CA3D5002F647A /* InitialResearchViewController.swift */ = {isa = PBXFileReference; lastKnownFileType = sourcecode.swift; path = InitialResearchViewController.swift; sourceTree = "<group>"; };
		688DEDB2282D3349002F647A /* MyBooksMoreViewController.swift */ = {isa = PBXFileReference; lastKnownFileType = sourcecode.swift; path = MyBooksMoreViewController.swift; sourceTree = "<group>"; };
		688DEDB4282D335F002F647A /* MyPostsMoreViewController.swift */ = {isa = PBXFileReference; lastKnownFileType = sourcecode.swift; path = MyPostsMoreViewController.swift; sourceTree = "<group>"; };
		688DEDB6282D336A002F647A /* MyReviewsMoreViewController.swift */ = {isa = PBXFileReference; lastKnownFileType = sourcecode.swift; path = MyReviewsMoreViewController.swift; sourceTree = "<group>"; };
		688DEDBC282E38F5002F647A /* MyBooksMoreCollectionViewCell.swift */ = {isa = PBXFileReference; lastKnownFileType = sourcecode.swift; path = MyBooksMoreCollectionViewCell.swift; sourceTree = "<group>"; };
		688DEDC2282E8A12002F647A /* MyReviewsMoreCollectionViewCell.xib */ = {isa = PBXFileReference; lastKnownFileType = file.xib; path = MyReviewsMoreCollectionViewCell.xib; sourceTree = "<group>"; };
		688DEDC4282E8A2A002F647A /* MyReviewsMoreCollectionViewCell.swift */ = {isa = PBXFileReference; lastKnownFileType = sourcecode.swift; path = MyReviewsMoreCollectionViewCell.swift; sourceTree = "<group>"; };
		688DEDC6282E9C60002F647A /* MyProfileUpdateView.storyboard */ = {isa = PBXFileReference; lastKnownFileType = file.storyboard; path = MyProfileUpdateView.storyboard; sourceTree = "<group>"; };
		688DEDC8282E9C95002F647A /* MyProfileUpdateViewController.swift */ = {isa = PBXFileReference; lastKnownFileType = sourcecode.swift; path = MyProfileUpdateViewController.swift; sourceTree = "<group>"; };
		68B21B042829269C00707C5A /* MyPostsCollectionViewCell.xib */ = {isa = PBXFileReference; lastKnownFileType = file.xib; path = MyPostsCollectionViewCell.xib; sourceTree = "<group>"; };
		68B21B06282939C800707C5A /* MyReviewsCollectionViewCell.xib */ = {isa = PBXFileReference; lastKnownFileType = file.xib; path = MyReviewsCollectionViewCell.xib; sourceTree = "<group>"; };
		68B21B08282A2D4C00707C5A /* MyProfileModel.swift */ = {isa = PBXFileReference; lastKnownFileType = sourcecode.swift; path = MyProfileModel.swift; sourceTree = "<group>"; };
		68C8629327DF61D3004B4F73 /* Home.storyboard */ = {isa = PBXFileReference; lastKnownFileType = file.storyboard; path = Home.storyboard; sourceTree = "<group>"; };
		68C8629527DF6481004B4F73 /* Community.storyboard */ = {isa = PBXFileReference; lastKnownFileType = file.storyboard; path = Community.storyboard; sourceTree = "<group>"; };
		68C8629727DF650E004B4F73 /* Recommend.storyboard */ = {isa = PBXFileReference; lastKnownFileType = file.storyboard; path = Recommend.storyboard; sourceTree = "<group>"; };
		68C8629927DF659F004B4F73 /* Search.storyboard */ = {isa = PBXFileReference; lastKnownFileType = file.storyboard; path = Search.storyboard; sourceTree = "<group>"; };
		68C8629B27DF6605004B4F73 /* MyProfile.storyboard */ = {isa = PBXFileReference; lastKnownFileType = file.storyboard; path = MyProfile.storyboard; sourceTree = "<group>"; };
		68FBE65327FCA245003DBFB7 /* BookkyURL.swift */ = {isa = PBXFileReference; lastKnownFileType = sourcecode.swift; path = BookkyURL.swift; sourceTree = "<group>"; };
		68FBE65627FD50E8003DBFB7 /* SignupModel.swift */ = {isa = PBXFileReference; lastKnownFileType = sourcecode.swift; path = SignupModel.swift; sourceTree = "<group>"; };
		68FBE65827FDB1EF003DBFB7 /* UITextField.swift */ = {isa = PBXFileReference; lastKnownFileType = sourcecode.swift; path = UITextField.swift; sourceTree = "<group>"; };
		68FBE65C27FEE38A003DBFB7 /* UserDefaultsModel.swift */ = {isa = PBXFileReference; lastKnownFileType = sourcecode.swift; path = UserDefaultsModel.swift; sourceTree = "<group>"; };
		F80756DB2806F7C4009F88EA /* BookDetailTagCollectionViewCell.swift */ = {isa = PBXFileReference; lastKnownFileType = sourcecode.swift; path = BookDetailTagCollectionViewCell.swift; sourceTree = "<group>"; };
		F8260578282E52E1006DB702 /* SearchPostTableViewCell.xib */ = {isa = PBXFileReference; lastKnownFileType = file.xib; path = SearchPostTableViewCell.xib; sourceTree = "<group>"; };
		F826057D282E5B94006DB702 /* WritePostBookSearchViewController.swift */ = {isa = PBXFileReference; lastKnownFileType = sourcecode.swift; path = WritePostBookSearchViewController.swift; sourceTree = "<group>"; };
		F826057F282E6290006DB702 /* WritePostBookSearchTableViewCell.swift */ = {isa = PBXFileReference; lastKnownFileType = sourcecode.swift; path = WritePostBookSearchTableViewCell.swift; sourceTree = "<group>"; };
		F8260581282E691C006DB702 /* QnABoardTableViewCell.swift */ = {isa = PBXFileReference; lastKnownFileType = sourcecode.swift; path = QnABoardTableViewCell.swift; sourceTree = "<group>"; };
		F8260582282E691C006DB702 /* QnABoardTableViewCell.xib */ = {isa = PBXFileReference; lastKnownFileType = file.xib; path = QnABoardTableViewCell.xib; sourceTree = "<group>"; };
		F8260586282E840F006DB702 /* BookWriteReviewViewController.swift */ = {isa = PBXFileReference; lastKnownFileType = sourcecode.swift; path = BookWriteReviewViewController.swift; sourceTree = "<group>"; };
		F85406CE2800284A0027C096 /* testData.swift */ = {isa = PBXFileReference; lastKnownFileType = sourcecode.swift; path = testData.swift; sourceTree = "<group>"; };
		F8606C21282ED5E100E49535 /* BoardTextCommentTableViewCell.swift */ = {isa = PBXFileReference; lastKnownFileType = sourcecode.swift; path = BoardTextCommentTableViewCell.swift; sourceTree = "<group>"; };
		F8606C22282ED5E100E49535 /* BoardTextCommentTableViewCell.xib */ = {isa = PBXFileReference; lastKnownFileType = file.xib; path = BoardTextCommentTableViewCell.xib; sourceTree = "<group>"; };
		F8731D7E282A860000FB64ED /* HomeBookDetailReviewDataFormat.swift */ = {isa = PBXFileReference; lastKnownFileType = sourcecode.swift; path = HomeBookDetailReviewDataFormat.swift; sourceTree = "<group>"; };
		F8731D80282AAC4C00FB64ED /* BoardTextDetailViewController.swift */ = {isa = PBXFileReference; lastKnownFileType = sourcecode.swift; path = BoardTextDetailViewController.swift; sourceTree = "<group>"; };
		F874319928030012003EA8C0 /* ExtensionUikit.swift */ = {isa = PBXFileReference; lastKnownFileType = sourcecode.swift; path = ExtensionUikit.swift; sourceTree = "<group>"; };
		F877020D2800893A002EA1F5 /* BookTableViewCell.swift */ = {isa = PBXFileReference; lastKnownFileType = sourcecode.swift; path = BookTableViewCell.swift; sourceTree = "<group>"; };
		F877020E2800893A002EA1F5 /* BookTableViewCell.xib */ = {isa = PBXFileReference; lastKnownFileType = file.xib; path = BookTableViewCell.xib; sourceTree = "<group>"; };
		F877021128008C72002EA1F5 /* BookCollectionViewCell.swift */ = {isa = PBXFileReference; lastKnownFileType = sourcecode.swift; path = BookCollectionViewCell.swift; sourceTree = "<group>"; };
		F877021228008C72002EA1F5 /* BookCollectionViewCell.xib */ = {isa = PBXFileReference; lastKnownFileType = file.xib; path = BookCollectionViewCell.xib; sourceTree = "<group>"; };
		F87B810828016BEF00E2FB7A /* HomeDataForMat.swift */ = {isa = PBXFileReference; lastKnownFileType = sourcecode.swift; path = HomeDataForMat.swift; sourceTree = "<group>"; };
		F87B810B28016C3D00E2FB7A /* HomeDataSerVice.swift */ = {isa = PBXFileReference; lastKnownFileType = sourcecode.swift; path = HomeDataSerVice.swift; sourceTree = "<group>"; };
		F88808DD281D6BDA007CE79C /* TagViewController.swift */ = {isa = PBXFileReference; lastKnownFileType = sourcecode.swift; path = TagViewController.swift; sourceTree = "<group>"; };
		F8886F292821309300044737 /* CommunityDataSerVice.swift */ = {isa = PBXFileReference; lastKnownFileType = sourcecode.swift; name = CommunityDataSerVice.swift; path = "BookkyProject-iOS/SerVice/CommunityDataSerVice.swift"; sourceTree = SOURCE_ROOT; };
		F8886F2B2821328800044737 /* WritePostDataFormat.swift */ = {isa = PBXFileReference; lastKnownFileType = sourcecode.swift; path = WritePostDataFormat.swift; sourceTree = "<group>"; };
		F8886F2D28214BB500044737 /* WriteGetListDataFomat.swift */ = {isa = PBXFileReference; lastKnownFileType = sourcecode.swift; path = WriteGetListDataFomat.swift; sourceTree = "<group>"; };
		F88D683D282D254400E23344 /* TagMoreViewBookList.swift */ = {isa = PBXFileReference; lastKnownFileType = sourcecode.swift; path = TagMoreViewBookList.swift; sourceTree = "<group>"; };
		F88D6841282D68E600E23344 /* SearchPostViewController.swift */ = {isa = PBXFileReference; lastKnownFileType = sourcecode.swift; path = SearchPostViewController.swift; sourceTree = "<group>"; };
		F88D6843282D6E0500E23344 /* SearchPostTableViewCell.swift */ = {isa = PBXFileReference; lastKnownFileType = sourcecode.swift; path = SearchPostTableViewCell.swift; sourceTree = "<group>"; };
		F88EF53327FD86A400634696 /* BoardTableViewCell.swift */ = {isa = PBXFileReference; lastKnownFileType = sourcecode.swift; path = BoardTableViewCell.swift; sourceTree = "<group>"; };
		F8B0D3FB281EB834007E271F /* TagViewCollectionViewCell.swift */ = {isa = PBXFileReference; lastKnownFileType = sourcecode.swift; path = TagViewCollectionViewCell.swift; sourceTree = "<group>"; };
		F8B0D3FD281ECC5F007E271F /* TagCollectionReusableViewHeader.swift */ = {isa = PBXFileReference; lastKnownFileType = sourcecode.swift; path = TagCollectionReusableViewHeader.swift; sourceTree = "<group>"; };
		F8B3126728327C2000E01201 /* QnABoardTextDetailViewController.swift */ = {isa = PBXFileReference; lastKnownFileType = sourcecode.swift; path = QnABoardTextDetailViewController.swift; sourceTree = "<group>"; };
		F8B3126928328B8E00E01201 /* QnaAnswerTableViewCell.swift */ = {isa = PBXFileReference; lastKnownFileType = sourcecode.swift; path = QnaAnswerTableViewCell.swift; sourceTree = "<group>"; };
		F8B3126A28328B8E00E01201 /* QnaAnswerTableViewCell.xib */ = {isa = PBXFileReference; lastKnownFileType = file.xib; path = QnaAnswerTableViewCell.xib; sourceTree = "<group>"; };
		F8B5BC78283D01A500A70190 /* ExtensionStatusBar.swift */ = {isa = PBXFileReference; lastKnownFileType = sourcecode.swift; path = ExtensionStatusBar.swift; sourceTree = "<group>"; };
		F8C10A8D2832C04F00D311F6 /* QnAWriteAnswerViewController.swift */ = {isa = PBXFileReference; lastKnownFileType = sourcecode.swift; path = QnAWriteAnswerViewController.swift; sourceTree = "<group>"; };
		F8C10A8F2832C05D00D311F6 /* QnACommentViewController.swift */ = {isa = PBXFileReference; lastKnownFileType = sourcecode.swift; path = QnACommentViewController.swift; sourceTree = "<group>"; };
		F8C10A912832C0C400D311F6 /* QnACommunity.storyboard */ = {isa = PBXFileReference; lastKnownFileType = file.storyboard; path = QnACommunity.storyboard; sourceTree = "<group>"; };
		F8C11E82281FE45E000D1689 /* ButtonPadding.swift */ = {isa = PBXFileReference; lastKnownFileType = sourcecode.swift; path = ButtonPadding.swift; sourceTree = "<group>"; };
		F8E386A6282BE6AA006F9BDD /* TagMoreButtonViewController.swift */ = {isa = PBXFileReference; lastKnownFileType = sourcecode.swift; path = TagMoreButtonViewController.swift; sourceTree = "<group>"; };
		F8E68A342828C4450046760A /* WriteTextDetailDataFormat.swift */ = {isa = PBXFileReference; lastKnownFileType = sourcecode.swift; path = WriteTextDetailDataFormat.swift; sourceTree = "<group>"; };
		F8E68A7C282960320046760A /* BookDetailReviewTableViewCell.swift */ = {isa = PBXFileReference; lastKnownFileType = sourcecode.swift; path = BookDetailReviewTableViewCell.swift; sourceTree = "<group>"; };
		F8F6623B280588A5000135B8 /* BookDetailViewController.swift */ = {isa = PBXFileReference; lastKnownFileType = sourcecode.swift; path = BookDetailViewController.swift; sourceTree = "<group>"; };
		F8FE3FFB281FCA200014E060 /* WriteTextViewController.swift */ = {isa = PBXFileReference; lastKnownFileType = sourcecode.swift; path = WriteTextViewController.swift; sourceTree = "<group>"; };
		F8FFC1F8281EA639005B18B2 /* TagDataFormat.swift */ = {isa = PBXFileReference; lastKnownFileType = sourcecode.swift; path = TagDataFormat.swift; sourceTree = "<group>"; };
/* End PBXFileReference section */

/* Begin PBXFrameworksBuildPhase section */
		68683D3627DDF5EE008EF3CF /* Frameworks */ = {
			isa = PBXFrameworksBuildPhase;
			buildActionMask = 2147483647;
			files = (
			);
			runOnlyForDeploymentPostprocessing = 0;
		};
		68683D4C27DDF5EF008EF3CF /* Frameworks */ = {
			isa = PBXFrameworksBuildPhase;
			buildActionMask = 2147483647;
			files = (
			);
			runOnlyForDeploymentPostprocessing = 0;
		};
		68683D5627DDF5EF008EF3CF /* Frameworks */ = {
			isa = PBXFrameworksBuildPhase;
			buildActionMask = 2147483647;
			files = (
			);
			runOnlyForDeploymentPostprocessing = 0;
		};
/* End PBXFrameworksBuildPhase section */

/* Begin PBXGroup section */
		6816924A282B91960066946A /* CollectionViewCell */ = {
			isa = PBXGroup;
			children = (
				68B21B042829269C00707C5A /* MyPostsCollectionViewCell.xib */,
				68B21B06282939C800707C5A /* MyReviewsCollectionViewCell.xib */,
			);
			path = CollectionViewCell;
			sourceTree = "<group>";
		};
		6852E56727F2EDC300CAEF02 /* Login */ = {
			isa = PBXGroup;
			children = (
				6852E56A27F2EE1300CAEF02 /* Login.storyboard */,
				688DEDA8282C0452002F647A /* InitialResearch.storyboard */,
			);
			path = Login;
			sourceTree = "<group>";
		};
		6852E56C27F2EE6400CAEF02 /* Login */ = {
			isa = PBXGroup;
			children = (
				688DEDAA282C054D002F647A /* InitialResearch */,
				6852E56D27F2EE8900CAEF02 /* LoginVC.swift */,
				6852E56F27F3079700CAEF02 /* SignupVC.swift */,
				6852E57327F307BB00CAEF02 /* SocialSignupVC.swift */,
				6852E57627F35EC600CAEF02 /* FindPasswordVC.swift */,
				6852E57827F372CC00CAEF02 /* NewPasswordVC.swift */,
			);
			path = Login;
			sourceTree = "<group>";
		};
		6852E57527F3112B00CAEF02 /* extension */ = {
			isa = PBXGroup;
			children = (
				68FBE65827FDB1EF003DBFB7 /* UITextField.swift */,
			);
			path = extension;
			sourceTree = "<group>";
		};
		68683D3027DDF5EE008EF3CF = {
			isa = PBXGroup;
			children = (
				68683D3B27DDF5EE008EF3CF /* BookkyProject-iOS */,
				68683D5227DDF5EF008EF3CF /* BookkyProject-iOSTests */,
				68683D5C27DDF5EF008EF3CF /* BookkyProject-iOSUITests */,
				68683D3A27DDF5EE008EF3CF /* Products */,
			);
			sourceTree = "<group>";
		};
		68683D3A27DDF5EE008EF3CF /* Products */ = {
			isa = PBXGroup;
			children = (
				68683D3927DDF5EE008EF3CF /* BookkyProject-iOS.app */,
				68683D4F27DDF5EF008EF3CF /* BookkyProject-iOSTests.xctest */,
				68683D5927DDF5EF008EF3CF /* BookkyProject-iOSUITests.xctest */,
			);
			name = Products;
			sourceTree = "<group>";
		};
		68683D3B27DDF5EE008EF3CF /* BookkyProject-iOS */ = {
			isa = PBXGroup;
			children = (
				F87431982802FFEE003EA8C0 /* ExtensionUI */,
				686AE6B927FC01B600B77245 /* Service */,
				686AE6BE27FC1F5100B77245 /* Model */,
				68683D6D27DDFCD8008EF3CF /* View */,
				68683D6E27DDFCDD008EF3CF /* Controller */,
				68683D3C27DDF5EE008EF3CF /* AppDelegate.swift */,
				68683D3E27DDF5EE008EF3CF /* SceneDelegate.swift */,
				68683D4527DDF5EF008EF3CF /* Assets.xcassets */,
				68683D4A27DDF5EF008EF3CF /* Info.plist */,
			);
			path = "BookkyProject-iOS";
			sourceTree = "<group>";
		};
		68683D5227DDF5EF008EF3CF /* BookkyProject-iOSTests */ = {
			isa = PBXGroup;
			children = (
				68683D5327DDF5EF008EF3CF /* BookkyProject_iOSTests.swift */,
			);
			path = "BookkyProject-iOSTests";
			sourceTree = "<group>";
		};
		68683D5C27DDF5EF008EF3CF /* BookkyProject-iOSUITests */ = {
			isa = PBXGroup;
			children = (
				68683D5D27DDF5EF008EF3CF /* BookkyProject_iOSUITests.swift */,
				68683D5F27DDF5EF008EF3CF /* BookkyProject_iOSUITestsLaunchTests.swift */,
			);
			path = "BookkyProject-iOSUITests";
			sourceTree = "<group>";
		};
		68683D6D27DDFCD8008EF3CF /* View */ = {
			isa = PBXGroup;
			children = (
				F8C84C94280427E200B5E7DA /* Home */,
				6852E56727F2EDC300CAEF02 /* Login */,
				68683D4227DDF5EE008EF3CF /* Main.storyboard */,
				68C8629527DF6481004B4F73 /* Community.storyboard */,
				68C8629727DF650E004B4F73 /* Recommend.storyboard */,
				68C8629927DF659F004B4F73 /* Search.storyboard */,
				68B21B012829265A00707C5A /* MyProfile */,
			);
			path = View;
			sourceTree = "<group>";
		};
		68683D6E27DDFCDD008EF3CF /* Controller */ = {
			isa = PBXGroup;
			children = (
				6852E57527F3112B00CAEF02 /* extension */,
				6852E56C27F2EE6400CAEF02 /* Login */,
				68C8628927DF0CD9004B4F73 /* Home */,
				68C8628A27DF0CDF004B4F73 /* Community */,
				68C8628B27DF0CE9004B4F73 /* Recommend */,
				68C8628C27DF0CEF004B4F73 /* Search */,
				68C8628D27DF0CF4004B4F73 /* MyProfile */,
			);
			path = Controller;
			sourceTree = "<group>";
		};
		686AE6B927FC01B600B77245 /* Service */ = {
			isa = PBXGroup;
			children = (
				F87B810B28016C3D00E2FB7A /* HomeDataSerVice.swift */,
				686AE6BA27FC01DC00B77245 /* EmailAuthenticate.swift */,
				686AE6C327FC6D3700B77245 /* Account.swift */,
				68FBE65327FCA245003DBFB7 /* BookkyURL.swift */,
				686B212F2805498000384408 /* KeychainManager.swift */,
				68169243282A85450066946A /* MyProfileAPI.swift */,
				68169246282B8B530066946A /* RedirectView.swift */,
				F8886F292821309300044737 /* CommunityDataSerVice.swift */,
			);
			path = Service;
			sourceTree = "<group>";
		};
		686AE6BE27FC1F5100B77245 /* Model */ = {
			isa = PBXGroup;
			children = (
				F8886F282821305300044737 /* Community */,
				F8886F272821304100044737 /* Home */,
				686AE6C127FC1F9200B77245 /* EmailAuthModel.swift */,
				68FBE65627FD50E8003DBFB7 /* SignupModel.swift */,
				68FBE65C27FEE38A003DBFB7 /* UserDefaultsModel.swift */,
				68B21B08282A2D4C00707C5A /* MyProfileModel.swift */,
			);
			path = Model;
			sourceTree = "<group>";
		};
		688DEDAA282C054D002F647A /* InitialResearch */ = {
			isa = PBXGroup;
			children = (
				688DEDAF282CA3D5002F647A /* InitialResearchViewController.swift */,
				688DEDAB282C0580002F647A /* ResearchViewController.swift */,
				688DEDAD282C05AC002F647A /* TagsCollectionViewCell.swift */,
			);
			path = InitialResearch;
			sourceTree = "<group>";
		};
		688DEDB1282D32E9002F647A /* DetailView */ = {
			isa = PBXGroup;
			children = (
				6860BE2928336E5100C7399E /* SettingsViewController.swift */,
				688DEDC8282E9C95002F647A /* MyProfileUpdateViewController.swift */,
				688DEDB2282D3349002F647A /* MyBooksMoreViewController.swift */,
				688DEDB4282D335F002F647A /* MyPostsMoreViewController.swift */,
				688DEDB6282D336A002F647A /* MyReviewsMoreViewController.swift */,
				688DEDBE282E79AA002F647A /* DetailCollectionViewCell */,
			);
			path = DetailView;
			sourceTree = "<group>";
		};
		688DEDB8282E1F43002F647A /* DetailView */ = {
			isa = PBXGroup;
			children = (
				6860BE2728336E2C00C7399E /* SettingsView.storyboard */,
				688DEDC6282E9C60002F647A /* MyProfileUpdateView.storyboard */,
				68169248282B906C0066946A /* MyBooksMoreView.storyboard */,
				6816924B282B91B80066946A /* MyPostsMoreView.storyboard */,
				6816924D282B925A0066946A /* MyReviewsMoreView.storyboard */,
				688DEDC1282E89EE002F647A /* DetailCollectionViewCell */,
			);
			path = DetailView;
			sourceTree = "<group>";
		};
		688DEDB9282E1F54002F647A /* CollectionViewCell */ = {
			isa = PBXGroup;
			children = (
				683674BD282215B500CB618D /* MyTagsCollectionViewCell.swift */,
				683674BF282215C200CB618D /* MyBooksCollectionViewCell.swift */,
				683674C3282215DE00CB618D /* MyPostCollectionViewCell.swift */,
				683674C1282215D500CB618D /* MyReviewsCollectionViewCell.swift */,
			);
			path = CollectionViewCell;
			sourceTree = "<group>";
		};
		688DEDBE282E79AA002F647A /* DetailCollectionViewCell */ = {
			isa = PBXGroup;
			children = (
				688DEDBC282E38F5002F647A /* MyBooksMoreCollectionViewCell.swift */,
				688DEDC4282E8A2A002F647A /* MyReviewsMoreCollectionViewCell.swift */,
			);
			path = DetailCollectionViewCell;
			sourceTree = "<group>";
		};
		688DEDC1282E89EE002F647A /* DetailCollectionViewCell */ = {
			isa = PBXGroup;
			children = (
				688DEDC2282E8A12002F647A /* MyReviewsMoreCollectionViewCell.xib */,
			);
			path = DetailCollectionViewCell;
			sourceTree = "<group>";
		};
		68B21B012829265A00707C5A /* MyProfile */ = {
			isa = PBXGroup;
			children = (
				68C8629B27DF6605004B4F73 /* MyProfile.storyboard */,
				688DEDB8282E1F43002F647A /* DetailView */,
				6816924A282B91960066946A /* CollectionViewCell */,
			);
			path = MyProfile;
			sourceTree = "<group>";
		};
		68C8628927DF0CD9004B4F73 /* Home */ = {
			isa = PBXGroup;
			children = (
				68683D4027DDF5EE008EF3CF /* HomeViewController.swift */,
				F877020D2800893A002EA1F5 /* BookTableViewCell.swift */,
				F877021128008C72002EA1F5 /* BookCollectionViewCell.swift */,
				F8E386A6282BE6AA006F9BDD /* TagMoreButtonViewController.swift */,
				F88784F5283B88D700A0D46A /* TagBookList */,
				F88784F4283B88B700A0D46A /* BookDetail */,
			);
			path = Home;
			sourceTree = "<group>";
		};
		68C8628A27DF0CDF004B4F73 /* Community */ = {
			isa = PBXGroup;
			children = (
				68683D6F27DE408C008EF3CF /* CommunityViewController.swift */,
				F8C10A862832B6B400D311F6 /* Q&A */,
				F8C10A932832C3BB00D311F6 /* Board */,
				F8C10A952832C3EA00D311F6 /* search */,
				F8C10A942832C3CB00D311F6 /* Write */,
			);
			path = Community;
			sourceTree = "<group>";
		};
		68C8628B27DF0CE9004B4F73 /* Recommend */ = {
			isa = PBXGroup;
			children = (
				68683D7127DE40DB008EF3CF /* RecommendViewController.swift */,
			);
			path = Recommend;
			sourceTree = "<group>";
		};
		68C8628C27DF0CEF004B4F73 /* Search */ = {
			isa = PBXGroup;
			children = (
				68683D7327DE40E8008EF3CF /* SearchViewController.swift */,
			);
			path = Search;
			sourceTree = "<group>";
		};
		68C8628D27DF0CF4004B4F73 /* MyProfile */ = {
			isa = PBXGroup;
			children = (
				68683D7527DE40F4008EF3CF /* MyProfileViewController.swift */,
				688DEDB1282D32E9002F647A /* DetailView */,
				688DEDB9282E1F54002F647A /* CollectionViewCell */,
			);
			path = MyProfile;
			sourceTree = "<group>";
		};
		F87431982802FFEE003EA8C0 /* ExtensionUI */ = {
			isa = PBXGroup;
			children = (
				F874319928030012003EA8C0 /* ExtensionUikit.swift */,
				F8C11E82281FE45E000D1689 /* ButtonPadding.swift */,
				F8B5BC78283D01A500A70190 /* ExtensionStatusBar.swift */,
			);
			path = ExtensionUI;
			sourceTree = "<group>";
		};
		F88784F4283B88B700A0D46A /* BookDetail */ = {
			isa = PBXGroup;
			children = (
				F8F6623B280588A5000135B8 /* BookDetailViewController.swift */,
				F80756DB2806F7C4009F88EA /* BookDetailTagCollectionViewCell.swift */,
				F8E68A7C282960320046760A /* BookDetailReviewTableViewCell.swift */,
				F8260586282E840F006DB702 /* BookWriteReviewViewController.swift */,
			);
			path = BookDetail;
			sourceTree = "<group>";
		};
		F88784F5283B88D700A0D46A /* TagBookList */ = {
			isa = PBXGroup;
			children = (
				F88808DD281D6BDA007CE79C /* TagViewController.swift */,
				F8B0D3FB281EB834007E271F /* TagViewCollectionViewCell.swift */,
				F8B0D3FD281ECC5F007E271F /* TagCollectionReusableViewHeader.swift */,
			);
			path = TagBookList;
			sourceTree = "<group>";
		};
		F8886F272821304100044737 /* Home */ = {
			isa = PBXGroup;
			children = (
				F87B810828016BEF00E2FB7A /* HomeDataForMat.swift */,
				F8FFC1F8281EA639005B18B2 /* TagDataFormat.swift */,
				F8731D7E282A860000FB64ED /* HomeBookDetailReviewDataFormat.swift */,
				F88D683D282D254400E23344 /* TagMoreViewBookList.swift */,
			);
			path = Home;
			sourceTree = "<group>";
		};
		F8886F282821305300044737 /* Community */ = {
			isa = PBXGroup;
			children = (
				F85406CE2800284A0027C096 /* testData.swift */,
				F8886F2B2821328800044737 /* WritePostDataFormat.swift */,
				F8886F2D28214BB500044737 /* WriteGetListDataFomat.swift */,
				F8E68A342828C4450046760A /* WriteTextDetailDataFormat.swift */,
			);
			path = Community;
			sourceTree = "<group>";
		};
		F8C10A862832B6B400D311F6 /* Q&A */ = {
			isa = PBXGroup;
			children = (
				F8C10A912832C0C400D311F6 /* QnACommunity.storyboard */,
				F8B3126728327C2000E01201 /* QnABoardTextDetailViewController.swift */,
				F8260581282E691C006DB702 /* QnABoardTableViewCell.swift */,
				F8260582282E691C006DB702 /* QnABoardTableViewCell.xib */,
				F8B3126928328B8E00E01201 /* QnaAnswerTableViewCell.swift */,
				F8B3126A28328B8E00E01201 /* QnaAnswerTableViewCell.xib */,
				F8C10A8D2832C04F00D311F6 /* QnAWriteAnswerViewController.swift */,
				F8C10A8F2832C05D00D311F6 /* QnACommentViewController.swift */,
			);
			path = "Q&A";
			sourceTree = "<group>";
		};
		F8C10A932832C3BB00D311F6 /* Board */ = {
			isa = PBXGroup;
			children = (
				F8731D80282AAC4C00FB64ED /* BoardTextDetailViewController.swift */,
				F8606C21282ED5E100E49535 /* BoardTextCommentTableViewCell.swift */,
				F8606C22282ED5E100E49535 /* BoardTextCommentTableViewCell.xib */,
				F88EF53327FD86A400634696 /* BoardTableViewCell.swift */,
			);
			path = Board;
			sourceTree = "<group>";
		};
		F8C10A942832C3CB00D311F6 /* Write */ = {
			isa = PBXGroup;
			children = (
				F8FE3FFB281FCA200014E060 /* WriteTextViewController.swift */,
				F826057D282E5B94006DB702 /* WritePostBookSearchViewController.swift */,
				F826057F282E6290006DB702 /* WritePostBookSearchTableViewCell.swift */,
			);
			path = Write;
			sourceTree = "<group>";
		};
		F8C10A952832C3EA00D311F6 /* search */ = {
			isa = PBXGroup;
			children = (
				F8260578282E52E1006DB702 /* SearchPostTableViewCell.xib */,
				F88D6843282D6E0500E23344 /* SearchPostTableViewCell.swift */,
				F88D6841282D68E600E23344 /* SearchPostViewController.swift */,
			);
			path = search;
			sourceTree = "<group>";
		};
		F8C84C94280427E200B5E7DA /* Home */ = {
			isa = PBXGroup;
			children = (
				68C8629327DF61D3004B4F73 /* Home.storyboard */,
				F877020E2800893A002EA1F5 /* BookTableViewCell.xib */,
				F877021228008C72002EA1F5 /* BookCollectionViewCell.xib */,
				68683D4727DDF5EF008EF3CF /* LaunchScreen.storyboard */,
			);
			path = Home;
			sourceTree = "<group>";
		};
/* End PBXGroup section */

/* Begin PBXNativeTarget section */
		68683D3827DDF5EE008EF3CF /* BookkyProject-iOS */ = {
			isa = PBXNativeTarget;
			buildConfigurationList = 68683D6327DDF5EF008EF3CF /* Build configuration list for PBXNativeTarget "BookkyProject-iOS" */;
			buildPhases = (
				68683D3527DDF5EE008EF3CF /* Sources */,
				68683D3627DDF5EE008EF3CF /* Frameworks */,
				68683D3727DDF5EE008EF3CF /* Resources */,
			);
			buildRules = (
			);
			dependencies = (
			);
			name = "BookkyProject-iOS";
			productName = "BookkyProject-iOS";
			productReference = 68683D3927DDF5EE008EF3CF /* BookkyProject-iOS.app */;
			productType = "com.apple.product-type.application";
		};
		68683D4E27DDF5EF008EF3CF /* BookkyProject-iOSTests */ = {
			isa = PBXNativeTarget;
			buildConfigurationList = 68683D6627DDF5EF008EF3CF /* Build configuration list for PBXNativeTarget "BookkyProject-iOSTests" */;
			buildPhases = (
				68683D4B27DDF5EF008EF3CF /* Sources */,
				68683D4C27DDF5EF008EF3CF /* Frameworks */,
				68683D4D27DDF5EF008EF3CF /* Resources */,
			);
			buildRules = (
			);
			dependencies = (
				68683D5127DDF5EF008EF3CF /* PBXTargetDependency */,
			);
			name = "BookkyProject-iOSTests";
			productName = "BookkyProject-iOSTests";
			productReference = 68683D4F27DDF5EF008EF3CF /* BookkyProject-iOSTests.xctest */;
			productType = "com.apple.product-type.bundle.unit-test";
		};
		68683D5827DDF5EF008EF3CF /* BookkyProject-iOSUITests */ = {
			isa = PBXNativeTarget;
			buildConfigurationList = 68683D6927DDF5EF008EF3CF /* Build configuration list for PBXNativeTarget "BookkyProject-iOSUITests" */;
			buildPhases = (
				68683D5527DDF5EF008EF3CF /* Sources */,
				68683D5627DDF5EF008EF3CF /* Frameworks */,
				68683D5727DDF5EF008EF3CF /* Resources */,
			);
			buildRules = (
			);
			dependencies = (
				68683D5B27DDF5EF008EF3CF /* PBXTargetDependency */,
			);
			name = "BookkyProject-iOSUITests";
			productName = "BookkyProject-iOSUITests";
			productReference = 68683D5927DDF5EF008EF3CF /* BookkyProject-iOSUITests.xctest */;
			productType = "com.apple.product-type.bundle.ui-testing";
		};
/* End PBXNativeTarget section */

/* Begin PBXProject section */
		68683D3127DDF5EE008EF3CF /* Project object */ = {
			isa = PBXProject;
			attributes = {
				BuildIndependentTargetsInParallel = 1;
				LastSwiftUpdateCheck = 1320;
				LastUpgradeCheck = 1320;
				TargetAttributes = {
					68683D3827DDF5EE008EF3CF = {
						CreatedOnToolsVersion = 13.2.1;
					};
					68683D4E27DDF5EF008EF3CF = {
						CreatedOnToolsVersion = 13.2.1;
						TestTargetID = 68683D3827DDF5EE008EF3CF;
					};
					68683D5827DDF5EF008EF3CF = {
						CreatedOnToolsVersion = 13.2.1;
						TestTargetID = 68683D3827DDF5EE008EF3CF;
					};
				};
			};
			buildConfigurationList = 68683D3427DDF5EE008EF3CF /* Build configuration list for PBXProject "BookkyProject-iOS" */;
			compatibilityVersion = "Xcode 13.0";
			developmentRegion = en;
			hasScannedForEncodings = 0;
			knownRegions = (
				en,
				Base,
			);
			mainGroup = 68683D3027DDF5EE008EF3CF;
			productRefGroup = 68683D3A27DDF5EE008EF3CF /* Products */;
			projectDirPath = "";
			projectRoot = "";
			targets = (
				68683D3827DDF5EE008EF3CF /* BookkyProject-iOS */,
				68683D4E27DDF5EF008EF3CF /* BookkyProject-iOSTests */,
				68683D5827DDF5EF008EF3CF /* BookkyProject-iOSUITests */,
			);
		};
/* End PBXProject section */

/* Begin PBXResourcesBuildPhase section */
		68683D3727DDF5EE008EF3CF /* Resources */ = {
			isa = PBXResourcesBuildPhase;
			buildActionMask = 2147483647;
			files = (
				68683D4927DDF5EF008EF3CF /* LaunchScreen.storyboard in Resources */,
				68C8629827DF650E004B4F73 /* Recommend.storyboard in Resources */,
				F87702102800893A002EA1F5 /* BookTableViewCell.xib in Resources */,
				68C8629C27DF6605004B4F73 /* MyProfile.storyboard in Resources */,
				68B21B052829269C00707C5A /* MyPostsCollectionViewCell.xib in Resources */,
				688DEDC3282E8A12002F647A /* MyReviewsMoreCollectionViewCell.xib in Resources */,
				688DEDC7282E9C60002F647A /* MyProfileUpdateView.storyboard in Resources */,
				68683D4627DDF5EF008EF3CF /* Assets.xcassets in Resources */,
				6860BE2828336E2D00C7399E /* SettingsView.storyboard in Resources */,
				68683D4427DDF5EE008EF3CF /* Main.storyboard in Resources */,
				68C8629A27DF659F004B4F73 /* Search.storyboard in Resources */,
				68C8629627DF6481004B4F73 /* Community.storyboard in Resources */,
				68169249282B906C0066946A /* MyBooksMoreView.storyboard in Resources */,
				6816924C282B91B80066946A /* MyPostsMoreView.storyboard in Resources */,
				F826057A282E52E1006DB702 /* SearchPostTableViewCell.xib in Resources */,
				68C8629427DF61D3004B4F73 /* Home.storyboard in Resources */,
				688DEDA9282C0452002F647A /* InitialResearch.storyboard in Resources */,
				F8B3126C28328B8E00E01201 /* QnaAnswerTableViewCell.xib in Resources */,
				6816924E282B925A0066946A /* MyReviewsMoreView.storyboard in Resources */,
				F877021428008C72002EA1F5 /* BookCollectionViewCell.xib in Resources */,
				6852E56B27F2EE1300CAEF02 /* Login.storyboard in Resources */,
				68B21B07282939C800707C5A /* MyReviewsCollectionViewCell.xib in Resources */,
				F8C10A922832C0C400D311F6 /* QnACommunity.storyboard in Resources */,
				F8260584282E691C006DB702 /* QnABoardTableViewCell.xib in Resources */,
				F8606C24282ED5E100E49535 /* BoardTextCommentTableViewCell.xib in Resources */,
			);
			runOnlyForDeploymentPostprocessing = 0;
		};
		68683D4D27DDF5EF008EF3CF /* Resources */ = {
			isa = PBXResourcesBuildPhase;
			buildActionMask = 2147483647;
			files = (
			);
			runOnlyForDeploymentPostprocessing = 0;
		};
		68683D5727DDF5EF008EF3CF /* Resources */ = {
			isa = PBXResourcesBuildPhase;
			buildActionMask = 2147483647;
			files = (
			);
			runOnlyForDeploymentPostprocessing = 0;
		};
/* End PBXResourcesBuildPhase section */

/* Begin PBXSourcesBuildPhase section */
		68683D3527DDF5EE008EF3CF /* Sources */ = {
			isa = PBXSourcesBuildPhase;
			buildActionMask = 2147483647;
			files = (
				F88D6842282D68E600E23344 /* SearchPostViewController.swift in Sources */,
				683674C2282215D500CB618D /* MyReviewsCollectionViewCell.swift in Sources */,
				68169244282A85450066946A /* MyProfileAPI.swift in Sources */,
				688DEDB7282D336A002F647A /* MyReviewsMoreViewController.swift in Sources */,
				F8C84C95280471CF00B5E7DA /* HomeViewController.swift in Sources */,
				F8260583282E691C006DB702 /* QnABoardTableViewCell.swift in Sources */,
				F8731D7F282A860000FB64ED /* HomeBookDetailReviewDataFormat.swift in Sources */,
				F88D683E282D254400E23344 /* TagMoreViewBookList.swift in Sources */,
				F8886F2C2821328800044737 /* WritePostDataFormat.swift in Sources */,
				68683D7427DE40E8008EF3CF /* SearchViewController.swift in Sources */,
				68683D7027DE408C008EF3CF /* CommunityViewController.swift in Sources */,
				68FBE65727FD50E8003DBFB7 /* SignupModel.swift in Sources */,
				F8C10A902832C05D00D311F6 /* QnACommentViewController.swift in Sources */,
				F8B3126B28328B8E00E01201 /* QnaAnswerTableViewCell.swift in Sources */,
				6852E56E27F2EE8900CAEF02 /* LoginVC.swift in Sources */,
				6852E57927F372CC00CAEF02 /* NewPasswordVC.swift in Sources */,
				688DEDB5282D335F002F647A /* MyPostsMoreViewController.swift in Sources */,
				F8731D81282AAC4C00FB64ED /* BoardTextDetailViewController.swift in Sources */,
				6852E57027F3079700CAEF02 /* SignupVC.swift in Sources */,
				6860BE2A28336E5100C7399E /* SettingsViewController.swift in Sources */,
				686AE6C427FC6D3700B77245 /* Account.swift in Sources */,
				68683D7627DE40F4008EF3CF /* MyProfileViewController.swift in Sources */,
				683674BE282215B500CB618D /* MyTagsCollectionViewCell.swift in Sources */,
				F877021328008C72002EA1F5 /* BookCollectionViewCell.swift in Sources */,
				F8606C23282ED5E100E49535 /* BoardTextCommentTableViewCell.swift in Sources */,
				F8886F2E28214BB500044737 /* WriteGetListDataFomat.swift in Sources */,
				F877020F2800893A002EA1F5 /* BookTableViewCell.swift in Sources */,
				683674C0282215C200CB618D /* MyBooksCollectionViewCell.swift in Sources */,
				F88EF53427FD86A400634696 /* BoardTableViewCell.swift in Sources */,
				F8E386A7282BE6AA006F9BDD /* TagMoreButtonViewController.swift in Sources */,
				688DEDB3282D3349002F647A /* MyBooksMoreViewController.swift in Sources */,
				68169247282B8B530066946A /* RedirectView.swift in Sources */,
				F8C10A8E2832C04F00D311F6 /* QnAWriteAnswerViewController.swift in Sources */,
				F8260587282E840F006DB702 /* BookWriteReviewViewController.swift in Sources */,
				686AE6BB27FC01DC00B77245 /* EmailAuthenticate.swift in Sources */,
				68683D3D27DDF5EE008EF3CF /* AppDelegate.swift in Sources */,
				68FBE65927FDB1EF003DBFB7 /* UITextField.swift in Sources */,
				F8FE3FFC281FCA200014E060 /* WriteTextViewController.swift in Sources */,
				68683D3F27DDF5EE008EF3CF /* SceneDelegate.swift in Sources */,
				686AE6C227FC1F9200B77245 /* EmailAuthModel.swift in Sources */,
				F8C11E83281FE45E000D1689 /* ButtonPadding.swift in Sources */,
				68FBE65427FCA245003DBFB7 /* BookkyURL.swift in Sources */,
				F8F6623C280588A5000135B8 /* BookDetailViewController.swift in Sources */,
				F8FFC1F9281EA639005B18B2 /* TagDataFormat.swift in Sources */,
				688DEDBD282E38F5002F647A /* MyBooksMoreCollectionViewCell.swift in Sources */,
				F8B0D3FE281ECC5F007E271F /* TagCollectionReusableViewHeader.swift in Sources */,
				68683D7227DE40DB008EF3CF /* RecommendViewController.swift in Sources */,
				F80756DC2806F7C4009F88EA /* BookDetailTagCollectionViewCell.swift in Sources */,
				F8B3126828327C2000E01201 /* QnABoardTextDetailViewController.swift in Sources */,
				F87B810928016BEF00E2FB7A /* HomeDataForMat.swift in Sources */,
				F87B810C28016C3D00E2FB7A /* HomeDataSerVice.swift in Sources */,
				688DEDB0282CA3D5002F647A /* InitialResearchViewController.swift in Sources */,
				F8E68A7D282960320046760A /* BookDetailReviewTableViewCell.swift in Sources */,
				F8B0D3FC281EB834007E271F /* TagViewCollectionViewCell.swift in Sources */,
				F874319A28030012003EA8C0 /* ExtensionUikit.swift in Sources */,
				683674C4282215DE00CB618D /* MyPostCollectionViewCell.swift in Sources */,
				68B21B09282A2D4C00707C5A /* MyProfileModel.swift in Sources */,
				688DEDAE282C05AC002F647A /* TagsCollectionViewCell.swift in Sources */,
				688DEDAC282C0580002F647A /* ResearchViewController.swift in Sources */,
				686B21302805498000384408 /* KeychainManager.swift in Sources */,
				F85406CF2800284A0027C096 /* testData.swift in Sources */,
				688DEDC5282E8A2A002F647A /* MyReviewsMoreCollectionViewCell.swift in Sources */,
				6852E57727F35EC600CAEF02 /* FindPasswordVC.swift in Sources */,
				F826057E282E5B94006DB702 /* WritePostBookSearchViewController.swift in Sources */,
				F88808DE281D6BDA007CE79C /* TagViewController.swift in Sources */,
				F8B5BC79283D01A500A70190 /* ExtensionStatusBar.swift in Sources */,
				F8886F2A2821309300044737 /* CommunityDataSerVice.swift in Sources */,
				F8E68A352828C4450046760A /* WriteTextDetailDataFormat.swift in Sources */,
				6852E57427F307BB00CAEF02 /* SocialSignupVC.swift in Sources */,
				F8C10A882832B89600D311F6 /* SearchPostTableViewCell.swift in Sources */,
				F8260580282E6290006DB702 /* WritePostBookSearchTableViewCell.swift in Sources */,
				68FBE65D27FEE38A003DBFB7 /* UserDefaultsModel.swift in Sources */,
				688DEDC9282E9C95002F647A /* MyProfileUpdateViewController.swift in Sources */,
			);
			runOnlyForDeploymentPostprocessing = 0;
		};
		68683D4B27DDF5EF008EF3CF /* Sources */ = {
			isa = PBXSourcesBuildPhase;
			buildActionMask = 2147483647;
			files = (
				68683D5427DDF5EF008EF3CF /* BookkyProject_iOSTests.swift in Sources */,
			);
			runOnlyForDeploymentPostprocessing = 0;
		};
		68683D5527DDF5EF008EF3CF /* Sources */ = {
			isa = PBXSourcesBuildPhase;
			buildActionMask = 2147483647;
			files = (
				68683D5E27DDF5EF008EF3CF /* BookkyProject_iOSUITests.swift in Sources */,
				68683D6027DDF5EF008EF3CF /* BookkyProject_iOSUITestsLaunchTests.swift in Sources */,
			);
			runOnlyForDeploymentPostprocessing = 0;
		};
/* End PBXSourcesBuildPhase section */

/* Begin PBXTargetDependency section */
		68683D5127DDF5EF008EF3CF /* PBXTargetDependency */ = {
			isa = PBXTargetDependency;
			target = 68683D3827DDF5EE008EF3CF /* BookkyProject-iOS */;
			targetProxy = 68683D5027DDF5EF008EF3CF /* PBXContainerItemProxy */;
		};
		68683D5B27DDF5EF008EF3CF /* PBXTargetDependency */ = {
			isa = PBXTargetDependency;
			target = 68683D3827DDF5EE008EF3CF /* BookkyProject-iOS */;
			targetProxy = 68683D5A27DDF5EF008EF3CF /* PBXContainerItemProxy */;
		};
/* End PBXTargetDependency section */

/* Begin PBXVariantGroup section */
		68683D4227DDF5EE008EF3CF /* Main.storyboard */ = {
			isa = PBXVariantGroup;
			children = (
				68683D4327DDF5EE008EF3CF /* Base */,
			);
			name = Main.storyboard;
			sourceTree = "<group>";
		};
		68683D4727DDF5EF008EF3CF /* LaunchScreen.storyboard */ = {
			isa = PBXVariantGroup;
			children = (
				68683D4827DDF5EF008EF3CF /* Base */,
			);
			name = LaunchScreen.storyboard;
			sourceTree = "<group>";
		};
/* End PBXVariantGroup section */

/* Begin XCBuildConfiguration section */
		68683D6127DDF5EF008EF3CF /* Debug */ = {
			isa = XCBuildConfiguration;
			buildSettings = {
				ALWAYS_SEARCH_USER_PATHS = NO;
				CLANG_ANALYZER_NONNULL = YES;
				CLANG_ANALYZER_NUMBER_OBJECT_CONVERSION = YES_AGGRESSIVE;
				CLANG_CXX_LANGUAGE_STANDARD = "gnu++17";
				CLANG_CXX_LIBRARY = "libc++";
				CLANG_ENABLE_MODULES = YES;
				CLANG_ENABLE_OBJC_ARC = YES;
				CLANG_ENABLE_OBJC_WEAK = YES;
				CLANG_WARN_BLOCK_CAPTURE_AUTORELEASING = YES;
				CLANG_WARN_BOOL_CONVERSION = YES;
				CLANG_WARN_COMMA = YES;
				CLANG_WARN_CONSTANT_CONVERSION = YES;
				CLANG_WARN_DEPRECATED_OBJC_IMPLEMENTATIONS = YES;
				CLANG_WARN_DIRECT_OBJC_ISA_USAGE = YES_ERROR;
				CLANG_WARN_DOCUMENTATION_COMMENTS = YES;
				CLANG_WARN_EMPTY_BODY = YES;
				CLANG_WARN_ENUM_CONVERSION = YES;
				CLANG_WARN_INFINITE_RECURSION = YES;
				CLANG_WARN_INT_CONVERSION = YES;
				CLANG_WARN_NON_LITERAL_NULL_CONVERSION = YES;
				CLANG_WARN_OBJC_IMPLICIT_RETAIN_SELF = YES;
				CLANG_WARN_OBJC_LITERAL_CONVERSION = YES;
				CLANG_WARN_OBJC_ROOT_CLASS = YES_ERROR;
				CLANG_WARN_QUOTED_INCLUDE_IN_FRAMEWORK_HEADER = YES;
				CLANG_WARN_RANGE_LOOP_ANALYSIS = YES;
				CLANG_WARN_STRICT_PROTOTYPES = YES;
				CLANG_WARN_SUSPICIOUS_MOVE = YES;
				CLANG_WARN_UNGUARDED_AVAILABILITY = YES_AGGRESSIVE;
				CLANG_WARN_UNREACHABLE_CODE = YES;
				CLANG_WARN__DUPLICATE_METHOD_MATCH = YES;
				COPY_PHASE_STRIP = NO;
				DEBUG_INFORMATION_FORMAT = dwarf;
				ENABLE_STRICT_OBJC_MSGSEND = YES;
				ENABLE_TESTABILITY = YES;
				GCC_C_LANGUAGE_STANDARD = gnu11;
				GCC_DYNAMIC_NO_PIC = NO;
				GCC_NO_COMMON_BLOCKS = YES;
				GCC_OPTIMIZATION_LEVEL = 0;
				GCC_PREPROCESSOR_DEFINITIONS = (
					"DEBUG=1",
					"$(inherited)",
				);
				GCC_WARN_64_TO_32_BIT_CONVERSION = YES;
				GCC_WARN_ABOUT_RETURN_TYPE = YES_ERROR;
				GCC_WARN_UNDECLARED_SELECTOR = YES;
				GCC_WARN_UNINITIALIZED_AUTOS = YES_AGGRESSIVE;
				GCC_WARN_UNUSED_FUNCTION = YES;
				GCC_WARN_UNUSED_VARIABLE = YES;
				IPHONEOS_DEPLOYMENT_TARGET = 13.0;
				MTL_ENABLE_DEBUG_INFO = INCLUDE_SOURCE;
				MTL_FAST_MATH = YES;
				ONLY_ACTIVE_ARCH = YES;
				SDKROOT = iphoneos;
				SWIFT_ACTIVE_COMPILATION_CONDITIONS = DEBUG;
				SWIFT_OPTIMIZATION_LEVEL = "-Onone";
			};
			name = Debug;
		};
		68683D6227DDF5EF008EF3CF /* Release */ = {
			isa = XCBuildConfiguration;
			buildSettings = {
				ALWAYS_SEARCH_USER_PATHS = NO;
				CLANG_ANALYZER_NONNULL = YES;
				CLANG_ANALYZER_NUMBER_OBJECT_CONVERSION = YES_AGGRESSIVE;
				CLANG_CXX_LANGUAGE_STANDARD = "gnu++17";
				CLANG_CXX_LIBRARY = "libc++";
				CLANG_ENABLE_MODULES = YES;
				CLANG_ENABLE_OBJC_ARC = YES;
				CLANG_ENABLE_OBJC_WEAK = YES;
				CLANG_WARN_BLOCK_CAPTURE_AUTORELEASING = YES;
				CLANG_WARN_BOOL_CONVERSION = YES;
				CLANG_WARN_COMMA = YES;
				CLANG_WARN_CONSTANT_CONVERSION = YES;
				CLANG_WARN_DEPRECATED_OBJC_IMPLEMENTATIONS = YES;
				CLANG_WARN_DIRECT_OBJC_ISA_USAGE = YES_ERROR;
				CLANG_WARN_DOCUMENTATION_COMMENTS = YES;
				CLANG_WARN_EMPTY_BODY = YES;
				CLANG_WARN_ENUM_CONVERSION = YES;
				CLANG_WARN_INFINITE_RECURSION = YES;
				CLANG_WARN_INT_CONVERSION = YES;
				CLANG_WARN_NON_LITERAL_NULL_CONVERSION = YES;
				CLANG_WARN_OBJC_IMPLICIT_RETAIN_SELF = YES;
				CLANG_WARN_OBJC_LITERAL_CONVERSION = YES;
				CLANG_WARN_OBJC_ROOT_CLASS = YES_ERROR;
				CLANG_WARN_QUOTED_INCLUDE_IN_FRAMEWORK_HEADER = YES;
				CLANG_WARN_RANGE_LOOP_ANALYSIS = YES;
				CLANG_WARN_STRICT_PROTOTYPES = YES;
				CLANG_WARN_SUSPICIOUS_MOVE = YES;
				CLANG_WARN_UNGUARDED_AVAILABILITY = YES_AGGRESSIVE;
				CLANG_WARN_UNREACHABLE_CODE = YES;
				CLANG_WARN__DUPLICATE_METHOD_MATCH = YES;
				COPY_PHASE_STRIP = NO;
				DEBUG_INFORMATION_FORMAT = "dwarf-with-dsym";
				ENABLE_NS_ASSERTIONS = NO;
				ENABLE_STRICT_OBJC_MSGSEND = YES;
				GCC_C_LANGUAGE_STANDARD = gnu11;
				GCC_NO_COMMON_BLOCKS = YES;
				GCC_WARN_64_TO_32_BIT_CONVERSION = YES;
				GCC_WARN_ABOUT_RETURN_TYPE = YES_ERROR;
				GCC_WARN_UNDECLARED_SELECTOR = YES;
				GCC_WARN_UNINITIALIZED_AUTOS = YES_AGGRESSIVE;
				GCC_WARN_UNUSED_FUNCTION = YES;
				GCC_WARN_UNUSED_VARIABLE = YES;
				IPHONEOS_DEPLOYMENT_TARGET = 13.0;
				MTL_ENABLE_DEBUG_INFO = NO;
				MTL_FAST_MATH = YES;
				SDKROOT = iphoneos;
				SWIFT_COMPILATION_MODE = wholemodule;
				SWIFT_OPTIMIZATION_LEVEL = "-O";
				VALIDATE_PRODUCT = YES;
			};
			name = Release;
		};
		68683D6427DDF5EF008EF3CF /* Debug */ = {
			isa = XCBuildConfiguration;
			buildSettings = {
				ASSETCATALOG_COMPILER_APPICON_NAME = AppIcon;
				ASSETCATALOG_COMPILER_GLOBAL_ACCENT_COLOR_NAME = AccentColor;
				CODE_SIGN_STYLE = Automatic;
				CURRENT_PROJECT_VERSION = 1;
				DEVELOPMENT_TEAM = 9T9YFXL798;
				GENERATE_INFOPLIST_FILE = YES;
				INFOPLIST_FILE = "BookkyProject-iOS/Info.plist";
				INFOPLIST_KEY_UIApplicationSupportsIndirectInputEvents = YES;
				INFOPLIST_KEY_UILaunchStoryboardName = LaunchScreen;
				INFOPLIST_KEY_UIMainStoryboardFile = Main;
				INFOPLIST_KEY_UISupportedInterfaceOrientations_iPad = "UIInterfaceOrientationPortrait UIInterfaceOrientationPortraitUpsideDown UIInterfaceOrientationLandscapeLeft UIInterfaceOrientationLandscapeRight";
				INFOPLIST_KEY_UISupportedInterfaceOrientations_iPhone = "UIInterfaceOrientationPortrait UIInterfaceOrientationLandscapeLeft UIInterfaceOrientationLandscapeRight";
				IPHONEOS_DEPLOYMENT_TARGET = 13.0;
				LD_RUNPATH_SEARCH_PATHS = (
					"$(inherited)",
					"@executable_path/Frameworks",
				);
				MARKETING_VERSION = 1.0;
				PRODUCT_BUNDLE_IDENTIFIER = "BookkyProject-iOS";
				PRODUCT_NAME = "$(TARGET_NAME)";
				SWIFT_EMIT_LOC_STRINGS = YES;
				SWIFT_VERSION = 5.0;
				TARGETED_DEVICE_FAMILY = 1;
			};
			name = Debug;
		};
		68683D6527DDF5EF008EF3CF /* Release */ = {
			isa = XCBuildConfiguration;
			buildSettings = {
				ASSETCATALOG_COMPILER_APPICON_NAME = AppIcon;
				ASSETCATALOG_COMPILER_GLOBAL_ACCENT_COLOR_NAME = AccentColor;
				CODE_SIGN_STYLE = Automatic;
				CURRENT_PROJECT_VERSION = 1;
				DEVELOPMENT_TEAM = 9T9YFXL798;
				GENERATE_INFOPLIST_FILE = YES;
				INFOPLIST_FILE = "BookkyProject-iOS/Info.plist";
				INFOPLIST_KEY_UIApplicationSupportsIndirectInputEvents = YES;
				INFOPLIST_KEY_UILaunchStoryboardName = LaunchScreen;
				INFOPLIST_KEY_UIMainStoryboardFile = Main;
				INFOPLIST_KEY_UISupportedInterfaceOrientations_iPad = "UIInterfaceOrientationPortrait UIInterfaceOrientationPortraitUpsideDown UIInterfaceOrientationLandscapeLeft UIInterfaceOrientationLandscapeRight";
				INFOPLIST_KEY_UISupportedInterfaceOrientations_iPhone = "UIInterfaceOrientationPortrait UIInterfaceOrientationLandscapeLeft UIInterfaceOrientationLandscapeRight";
				IPHONEOS_DEPLOYMENT_TARGET = 13.0;
				LD_RUNPATH_SEARCH_PATHS = (
					"$(inherited)",
					"@executable_path/Frameworks",
				);
				MARKETING_VERSION = 1.0;
				PRODUCT_BUNDLE_IDENTIFIER = "BookkyProject-iOS";
				PRODUCT_NAME = "$(TARGET_NAME)";
				SWIFT_EMIT_LOC_STRINGS = YES;
				SWIFT_VERSION = 5.0;
				TARGETED_DEVICE_FAMILY = 1;
			};
			name = Release;
		};
		68683D6727DDF5EF008EF3CF /* Debug */ = {
			isa = XCBuildConfiguration;
			buildSettings = {
				ALWAYS_EMBED_SWIFT_STANDARD_LIBRARIES = YES;
				BUNDLE_LOADER = "$(TEST_HOST)";
				CODE_SIGN_STYLE = Automatic;
				CURRENT_PROJECT_VERSION = 1;
				DEVELOPMENT_TEAM = 9T9YFXL798;
				GENERATE_INFOPLIST_FILE = YES;
				IPHONEOS_DEPLOYMENT_TARGET = 15.2;
				MARKETING_VERSION = 1.0;
				PRODUCT_BUNDLE_IDENTIFIER = "Dahae.BookkyProject-iOSTests";
				PRODUCT_NAME = "$(TARGET_NAME)";
				SWIFT_EMIT_LOC_STRINGS = NO;
				SWIFT_VERSION = 5.0;
				TARGETED_DEVICE_FAMILY = "1,2";
				TEST_HOST = "$(BUILT_PRODUCTS_DIR)/BookkyProject-iOS.app/BookkyProject-iOS";
			};
			name = Debug;
		};
		68683D6827DDF5EF008EF3CF /* Release */ = {
			isa = XCBuildConfiguration;
			buildSettings = {
				ALWAYS_EMBED_SWIFT_STANDARD_LIBRARIES = YES;
				BUNDLE_LOADER = "$(TEST_HOST)";
				CODE_SIGN_STYLE = Automatic;
				CURRENT_PROJECT_VERSION = 1;
				DEVELOPMENT_TEAM = 9T9YFXL798;
				GENERATE_INFOPLIST_FILE = YES;
				IPHONEOS_DEPLOYMENT_TARGET = 15.2;
				MARKETING_VERSION = 1.0;
				PRODUCT_BUNDLE_IDENTIFIER = "Dahae.BookkyProject-iOSTests";
				PRODUCT_NAME = "$(TARGET_NAME)";
				SWIFT_EMIT_LOC_STRINGS = NO;
				SWIFT_VERSION = 5.0;
				TARGETED_DEVICE_FAMILY = "1,2";
				TEST_HOST = "$(BUILT_PRODUCTS_DIR)/BookkyProject-iOS.app/BookkyProject-iOS";
			};
			name = Release;
		};
		68683D6A27DDF5EF008EF3CF /* Debug */ = {
			isa = XCBuildConfiguration;
			buildSettings = {
				ALWAYS_EMBED_SWIFT_STANDARD_LIBRARIES = YES;
				CODE_SIGN_STYLE = Automatic;
				CURRENT_PROJECT_VERSION = 1;
				DEVELOPMENT_TEAM = 9T9YFXL798;
				GENERATE_INFOPLIST_FILE = YES;
				MARKETING_VERSION = 1.0;
				PRODUCT_BUNDLE_IDENTIFIER = "Dahae.BookkyProject-iOSUITests";
				PRODUCT_NAME = "$(TARGET_NAME)";
				SWIFT_EMIT_LOC_STRINGS = NO;
				SWIFT_VERSION = 5.0;
				TARGETED_DEVICE_FAMILY = "1,2";
				TEST_TARGET_NAME = "BookkyProject-iOS";
			};
			name = Debug;
		};
		68683D6B27DDF5EF008EF3CF /* Release */ = {
			isa = XCBuildConfiguration;
			buildSettings = {
				ALWAYS_EMBED_SWIFT_STANDARD_LIBRARIES = YES;
				CODE_SIGN_STYLE = Automatic;
				CURRENT_PROJECT_VERSION = 1;
				DEVELOPMENT_TEAM = 9T9YFXL798;
				GENERATE_INFOPLIST_FILE = YES;
				MARKETING_VERSION = 1.0;
				PRODUCT_BUNDLE_IDENTIFIER = "Dahae.BookkyProject-iOSUITests";
				PRODUCT_NAME = "$(TARGET_NAME)";
				SWIFT_EMIT_LOC_STRINGS = NO;
				SWIFT_VERSION = 5.0;
				TARGETED_DEVICE_FAMILY = "1,2";
				TEST_TARGET_NAME = "BookkyProject-iOS";
			};
			name = Release;
		};
/* End XCBuildConfiguration section */

/* Begin XCConfigurationList section */
		68683D3427DDF5EE008EF3CF /* Build configuration list for PBXProject "BookkyProject-iOS" */ = {
			isa = XCConfigurationList;
			buildConfigurations = (
				68683D6127DDF5EF008EF3CF /* Debug */,
				68683D6227DDF5EF008EF3CF /* Release */,
			);
			defaultConfigurationIsVisible = 0;
			defaultConfigurationName = Release;
		};
		68683D6327DDF5EF008EF3CF /* Build configuration list for PBXNativeTarget "BookkyProject-iOS" */ = {
			isa = XCConfigurationList;
			buildConfigurations = (
				68683D6427DDF5EF008EF3CF /* Debug */,
				68683D6527DDF5EF008EF3CF /* Release */,
			);
			defaultConfigurationIsVisible = 0;
			defaultConfigurationName = Release;
		};
		68683D6627DDF5EF008EF3CF /* Build configuration list for PBXNativeTarget "BookkyProject-iOSTests" */ = {
			isa = XCConfigurationList;
			buildConfigurations = (
				68683D6727DDF5EF008EF3CF /* Debug */,
				68683D6827DDF5EF008EF3CF /* Release */,
			);
			defaultConfigurationIsVisible = 0;
			defaultConfigurationName = Release;
		};
		68683D6927DDF5EF008EF3CF /* Build configuration list for PBXNativeTarget "BookkyProject-iOSUITests" */ = {
			isa = XCConfigurationList;
			buildConfigurations = (
				68683D6A27DDF5EF008EF3CF /* Debug */,
				68683D6B27DDF5EF008EF3CF /* Release */,
			);
			defaultConfigurationIsVisible = 0;
			defaultConfigurationName = Release;
		};
/* End XCConfigurationList section */
	};
	rootObject = 68683D3127DDF5EE008EF3CF /* Project object */;
}
